{
  "name": "data-pipeline__js-xlsx__branch",
  "version": "1.0.0",
  "lockfileVersion": 1,
  "requires": true,
  "dependencies": {
    "adler-32": {
      "version": "1.2.0",
      "resolved": "https://registry.npmjs.org/adler-32/-/adler-32-1.2.0.tgz",
      "integrity": "sha1-aj5r8KY5ALoVZSgIyxXGgT0aXyU=",
      "requires": {
        "exit-on-epipe": "~1.0.1",
        "printj": "~1.1.0"
      }
    },
    "buffer-from": {
      "version": "1.1.0",
      "resolved": "https://registry.npmjs.org/buffer-from/-/buffer-from-1.1.0.tgz",
      "integrity": "sha512-c5mRlguI/Pe2dSZmpER62rSCu0ryKmWddzRYsuXc50U2/g8jMOulc31VZMa4mYx31U5xsmSOpDCgH88Vl9cDGQ=="
    },
    "cfb": {
      "version": "1.0.8",
      "resolved": "https://registry.npmjs.org/cfb/-/cfb-1.0.8.tgz",
      "integrity": "sha1-d/ITST1pfXVP2cD1UR6rWtctAs8=",
      "requires": {
        "commander": "^2.14.1",
        "printj": "~1.1.2"
      }
    },
    "codepage": {
      "version": "1.3.8",
      "resolved": "https://registry.npmjs.org/codepage/-/codepage-1.3.8.tgz",
      "integrity": "sha1-Ty5dfAl13ij4hJgFjcta/KtqX3E=",
      "requires": {
        "commander": "2.16.0",
        "concat-stream": "1.6.2",
        "voc": "1.1.0"
      }
    },
    "colors": {
      "version": "0.6.2",
      "resolved": "https://registry.npmjs.org/colors/-/colors-0.6.2.tgz",
      "integrity": "sha1-JCP+ZnisDF2uiFLl0OW+CMmXq8w="
    },
    "commander": {
      "version": "2.16.0",
      "resolved": "https://registry.npmjs.org/commander/-/commander-2.16.0.tgz",
      "integrity": "sha512-sVXqklSaotK9at437sFlFpyOcJonxe0yST/AG9DkQKUdIE6IqGIMv4SfAQSKaJbSdVEJYItASCrBiVQHq1HQew=="
    },
    "concat-stream": {
      "version": "1.6.2",
      "resolved": "https://registry.npmjs.org/concat-stream/-/concat-stream-1.6.2.tgz",
      "integrity": "sha512-27HBghJxjiZtIk3Ycvn/4kbJk/1uZuJFfuPEns6LaEvpvG1f0hTea8lilrouyo9mVc2GWdcEZ8OLoGmSADlrCw==",
      "requires": {
        "buffer-from": "^1.0.0",
        "inherits": "^2.0.3",
        "readable-stream": "^2.2.2",
        "typedarray": "^0.0.6"
      }
    },
    "core-util-is": {
      "version": "1.0.2",
      "resolved": "https://registry.npmjs.org/core-util-is/-/core-util-is-1.0.2.tgz",
      "integrity": "sha1-tf1UIgqivFq1eqtxQMlAdUUDwac="
    },
    "crc-32": {
      "version": "1.2.0",
      "resolved": "https://registry.npmjs.org/crc-32/-/crc-32-1.2.0.tgz",
      "integrity": "sha512-1uBwHxF+Y/4yF5G48fwnKq6QsIXheor3ZLPT80yGBV1oEUwpPojlEhQbWKVw1VwcTQyMGHK1/XMmTjmlsmTTGA==",
      "requires": {
        "exit-on-epipe": "~1.0.1",
        "printj": "~1.1.0"
      }
    },
    "csv": {
      "version": "0.3.7",
      "resolved": "https://registry.npmjs.org/csv/-/csv-0.3.7.tgz",
      "integrity": "sha1-pPijY/AHLNFVGB5rtJvVjlSXsxw="
    },
    "d3": {
      "version": "3.5.17",
      "resolved": "https://registry.npmjs.org/d3/-/d3-3.5.17.tgz",
      "integrity": "sha1-vEZ0gAQ3iyGjYMn8fPUjF5B2L7g="
    },
    "excelcsv": {
      "version": "0.1.2",
      "resolved": "https://registry.npmjs.org/excelcsv/-/excelcsv-0.1.2.tgz",
      "integrity": "sha1-Jdxwi7/TG6r1q+9qHYjy/e5kOKY=",
      "requires": {
        "csv": "~0.3.7",
        "lodash": "~2.4.1",
        "semver": "~2.2.1",
        "xlsx": "~0.5.10-b.3"
      },
      "dependencies": {
        "cfb": {
          "version": "1.0.8",
          "resolved": "https://registry.npmjs.org/cfb/-/cfb-1.0.8.tgz",
          "integrity": "sha1-d/ITST1pfXVP2cD1UR6rWtctAs8=",
          "requires": {
            "commander": "^2.14.1",
            "printj": "~1.1.2"
          }
        },
        "codepage": {
          "version": "1.14.0",
          "resolved": "https://registry.npmjs.org/codepage/-/codepage-1.14.0.tgz",
          "integrity": "sha1-jL4lSBMjVZ19MHVxsP/5HnodL5k=",
          "requires": {
            "commander": "~2.14.1",
            "exit-on-epipe": "~1.0.1"
          },
          "dependencies": {
            "commander": {
              "version": "2.14.1",
              "resolved": "https://registry.npmjs.org/commander/-/commander-2.14.1.tgz",
              "integrity": "sha512-+YR16o3rK53SmWHU3rEM3tPAh2rwb1yPcQX5irVn7mb0gXbwuCCrnkbV5+PBfETdfg1vui07nM6PCG1zndcjQw=="
            }
          }
        },
        "colors": {
          "version": "1.3.1",
          "resolved": "https://registry.npmjs.org/colors/-/colors-1.3.1.tgz",
          "integrity": "sha512-jg/vxRmv430jixZrC+La5kMbUWqIg32/JsYNZb94+JEmzceYbWKTsv1OuTp+7EaqiaWRR2tPcykibwCRgclIsw=="
        },
        "jszip": {
          "version": "2.1.1",
          "resolved": "https://registry.npmjs.org/jszip/-/jszip-2.1.1.tgz",
          "integrity": "sha1-8mM6rmViwf1mslrmX8/0+RkyTdY=",
          "requires": {
            "zlibjs": "~0.1.7"
          }
        },
        "ssf": {
          "version": "0.6.5",
          "resolved": "https://registry.npmjs.org/ssf/-/ssf-0.6.5.tgz",
          "integrity": "sha1-gctT8TV6V7PkpgVGF598xPP6D4g=",
          "requires": {
            "colors": "1.3.1",
            "frac": "0.3.1",
            "voc": "1.1.0"
          }
        },
        "xlsx": {
          "version": "0.5.17",
          "resolved": "https://registry.npmjs.org/xlsx/-/xlsx-0.5.17.tgz",
          "integrity": "sha1-vGj5SisC6VR+17QT7CLBoMzwj/0=",
          "requires": {
            "cfb": "1.0.8",
            "codepage": "1.14.0",
            "commander": "2.16.0",
            "jszip": "~2.1.0",
            "ssf": "~0.6.3"
          }
        }
      }
    },
    "exit-on-epipe": {
      "version": "1.0.1",
      "resolved": "https://registry.npmjs.org/exit-on-epipe/-/exit-on-epipe-1.0.1.tgz",
      "integrity": "sha512-h2z5mrROTxce56S+pnvAV890uu7ls7f1kEvVGJbw1OlFH3/mlJ5bkXu0KRyW94v37zzHPiUd55iLn3DA7TjWpw=="
    },
    "frac": {
      "version": "0.3.1",
      "resolved": "https://registry.npmjs.org/frac/-/frac-0.3.1.tgz",
      "integrity": "sha1-V3Z3t/3L5vr3xGHxgB00E3zaQ1Q="
    },
    "inherits": {
      "version": "2.0.3",
      "resolved": "https://registry.npmjs.org/inherits/-/inherits-2.0.3.tgz",
      "integrity": "sha1-Yzwsg+PaQqUC9SRmAiSA9CCCYd4="
    },
    "isarray": {
      "version": "1.0.0",
      "resolved": "https://registry.npmjs.org/isarray/-/isarray-1.0.0.tgz",
      "integrity": "sha1-u5NdSFgsuhaMBoNJV6VKPgcSTxE="
    },
    "js-xlsx": {
      "version": "0.8.22",
      "resolved": "https://registry.npmjs.org/js-xlsx/-/js-xlsx-0.8.22.tgz",
      "integrity": "sha512-3N4a9RBHTr777rxxlvwJVpC+er/neRC+40sm2M/g3RIpWiCJG0iyaGJa8Za1K3NvjhZcKn9Sz5n36TY9ti5RMQ==",
      "optional": true,
      "requires": {
        "adler-32": "1.2.0",
        "cfb": ">=0.10.0",
        "codepage": "~1.3.6",
        "commander": "2.16.0",
        "crc-32": "1.2.0",
        "jszip": "2.4.0",
        "ssf": "~0.8.1"
      }
    },
    "jszip": {
      "version": "2.4.0",
      "resolved": "https://registry.npmjs.org/jszip/-/jszip-2.4.0.tgz",
      "integrity": "sha1-SHqTt2w7/6bLCFzWHrk06r4tKU8=",
      "requires": {
        "pako": "~0.2.5"
      }
    },
    "lodash": {
      "version": "2.4.2",
      "resolved": "https://registry.npmjs.org/lodash/-/lodash-2.4.2.tgz",
      "integrity": "sha1-+t2DS5aDBz2hebPq5tnA0VBT9z4="
    },
    "pako": {
      "version": "0.2.9",
      "resolved": "https://registry.npmjs.org/pako/-/pako-0.2.9.tgz",
      "integrity": "sha1-8/dSL073gjSNqBYbrZ7P1Rv4OnU="
    },
    "printj": {
      "version": "1.1.2",
      "resolved": "https://registry.npmjs.org/printj/-/printj-1.1.2.tgz",
      "integrity": "sha512-zA2SmoLaxZyArQTOPj5LXecR+RagfPSU5Kw1qP+jkWeNlrq+eJZyY2oS68SU1Z/7/myXM4lo9716laOFAVStCQ=="
    },
    "process-nextick-args": {
      "version": "2.0.0",
      "resolved": "https://registry.npmjs.org/process-nextick-args/-/process-nextick-args-2.0.0.tgz",
      "integrity": "sha512-MtEC1TqN0EU5nephaJ4rAtThHtC86dNN9qCuEhtshvpVBkAW5ZO7BASN9REnF9eoXGcRub+pFuKEpOHE+HbEMw=="
    },
    "readable-stream": {
      "version": "2.3.6",
      "resolved": "https://registry.npmjs.org/readable-stream/-/readable-stream-2.3.6.tgz",
      "integrity": "sha512-tQtKA9WIAhBF3+VLAseyMqZeBjW0AHJoxOtYqSUZNJxauErmLbVm2FW1y+J/YA9dUrAC39ITejlZWhVIwawkKw==",
      "requires": {
        "core-util-is": "~1.0.0",
        "inherits": "~2.0.3",
        "isarray": "~1.0.0",
        "process-nextick-args": "~2.0.0",
        "safe-buffer": "~5.1.1",
        "string_decoder": "~1.1.1",
        "util-deprecate": "~1.0.1"
      }
    },
    "safe-buffer": {
      "version": "5.1.2",
      "resolved": "https://registry.npmjs.org/safe-buffer/-/safe-buffer-5.1.2.tgz",
      "integrity": "sha512-Gd2UZBJDkXlY7GbJxfsE8/nvKkUEU1G38c1siN6QP6a9PT9MmHB8GnpscSmMJSoF8LOIrt8ud/wPtojys4G6+g=="
    },
    "semver": {
      "version": "2.2.1",
      "resolved": "https://registry.npmjs.org/semver/-/semver-2.2.1.tgz",
      "integrity": "sha1-eUEYKz/8xYC/8cF5QqzfeVHA0hM="
    },
    "ssf": {
      "version": "0.8.2",
      "resolved": "https://registry.npmjs.org/ssf/-/ssf-0.8.2.tgz",
      "integrity": "sha1-udTcahwbz3b4q/qW19dlb7Kr7NY=",
      "requires": {
        "colors": "0.6.2",
        "frac": "0.3.1",
        "voc": "1.1.0"
      }
    },
    "stream-meter": {
      "version": "1.0.4",
      "resolved": "https://registry.npmjs.org/stream-meter/-/stream-meter-1.0.4.tgz",
      "integrity": "sha1-Uq+Vql6nYKJJFxZwTb/5D3Ov3R0=",
      "requires": {
        "readable-stream": "^2.1.4"
      }
    },
    "string_decoder": {
      "version": "1.1.1",
      "resolved": "https://registry.npmjs.org/string_decoder/-/string_decoder-1.1.1.tgz",
      "integrity": "sha512-n/ShnvDi6FHbbVfviro+WojiFzv+s8MPMHBczVePfUpDJLwoLT0ht1l4YwBCbi8pJAveEEdnkHyPyTP/mzRfwg==",
      "requires": {
        "safe-buffer": "~5.1.0"
      }
    },
    "typedarray": {
      "version": "0.0.6",
      "resolved": "https://registry.npmjs.org/typedarray/-/typedarray-0.0.6.tgz",
      "integrity": "sha1-hnrHTjhkGHsdPUfZlqeOxciDB3c="
    },
    "util-deprecate": {
      "version": "1.0.2",
      "resolved": "https://registry.npmjs.org/util-deprecate/-/util-deprecate-1.0.2.tgz",
      "integrity": "sha1-RQ1Nyfpw3nMnYvvS1KKJgUGaDM8="
    },
    "voc": {
      "version": "1.1.0",
      "resolved": "https://registry.npmjs.org/voc/-/voc-1.1.0.tgz",
      "integrity": "sha512-fthgd8OJLqq8vPcLjElTk6Rcl2e3v5ekcXauImaqEnQqd5yUWKg1+ZOBgS2KTWuVKcuvZMQq4TDptiT1uYddUA=="
    },
    "webcharts": {
      "version": "1.10.0",
      "resolved": "https://registry.npmjs.org/webcharts/-/webcharts-1.10.0.tgz",
      "integrity": "sha512-YeHYeYcsWNa2SO0BWSiUl4xGDQB4i3zyIdZTFeAGbxK8mcObCdKudOj9umA7IgSIRM2yUp7XEWj2x17zPgKB7w==",
      "requires": {
        "d3": "^3",
        "js-xlsx": "^0.8.22"
      }
    },
    "xlsx": {
      "version": "0.13.3",
      "resolved": "https://registry.npmjs.org/xlsx/-/xlsx-0.13.3.tgz",
      "integrity": "sha512-Uk9tc66kNJFJ6CycdRgRJDvFct0GrZMLVF/QCOZiLVBOw3ic1Ud2pUHUe039huM/a+uApNtSXlceJtj0KrcDcg==",
      "requires": {
        "adler-32": "~1.2.0",
        "cfb": "~1.0.8",
        "codepage": "~1.14.0",
        "commander": "~2.15.1",
        "crc-32": "~1.2.0",
        "exit-on-epipe": "~1.0.1",
        "ssf": "~0.10.2"
      },
      "dependencies": {
        "codepage": {
          "version": "1.14.0",
          "resolved": "https://registry.npmjs.org/codepage/-/codepage-1.14.0.tgz",
          "integrity": "sha1-jL4lSBMjVZ19MHVxsP/5HnodL5k=",
          "requires": {
            "commander": "~2.14.1",
            "exit-on-epipe": "~1.0.1"
          },
          "dependencies": {
            "commander": {
              "version": "2.14.1",
              "resolved": "https://registry.npmjs.org/commander/-/commander-2.14.1.tgz",
              "integrity": "sha512-+YR16o3rK53SmWHU3rEM3tPAh2rwb1yPcQX5irVn7mb0gXbwuCCrnkbV5+PBfETdfg1vui07nM6PCG1zndcjQw=="
            }
          }
        },
        "commander": {
          "version": "2.15.1",
          "resolved": "https://registry.npmjs.org/commander/-/commander-2.15.1.tgz",
          "integrity": "sha512-VlfT9F3V0v+jr4yxPc5gg9s62/fIVWsd2Bk2iD435um1NlGMYdVCq+MjcXnhYq2icNOizHr1kK+5TI6H0Hy0ag=="
        },
        "frac": {
          "version": "1.1.2",
          "resolved": "https://registry.npmjs.org/frac/-/frac-1.1.2.tgz",
          "integrity": "sha512-w/XBfkibaTl3YDqASwfDUqkna4Z2p9cFSr1aHDt0WoMTECnRfBOv2WArlZILlqgWlmdIlALXGpM2AOhEk5W3IA=="
        },
        "ssf": {
          "version": "0.10.2",
          "resolved": "https://registry.npmjs.org/ssf/-/ssf-0.10.2.tgz",
          "integrity": "sha512-rDhAPm9WyIsY8eZEKyE8Qsotb3j/wBdvMWBUsOhJdfhKGLfQidRjiBUV0y/MkyCLiXQ38FG6LWW/VYUtqlIDZQ==",
          "requires": {
            "frac": "~1.1.2"
          }
        }
      }
    },
    "xlsx-style": {
      "version": "0.8.13",
      "resolved": "https://registry.npmjs.org/xlsx-style/-/xlsx-style-0.8.13.tgz",
      "integrity": "sha1-7SONa4wFYvlEfCkGq73tLTOeBIY=",
      "requires": {
        "adler-32": "1.2.0",
        "cfb": ">=0.10.0",
        "codepage": "~1.3.6",
        "commander": "2.16.0",
        "crc-32": "1.2.0",
        "jszip": "2.4.0",
        "ssf": "~0.8.1"
      }
    },
    "zlibjs": {
      "version": "0.1.8",
      "resolved": "https://registry.npmjs.org/zlibjs/-/zlibjs-0.1.8.tgz",
      "integrity": "sha1-CF3ZRAcfDVaAbvlLZpUTudRg0mc="
    }
  }
}
